version = 1
revision = 3
requires-python = ">=3.13"
resolution-markers = [
    "python_full_version >= '3.15'",
    "python_full_version < '3.15'",
]

[[package]]
name = "ast-serialize"
version = "0.5.0"
source = { registry = "https://nexus3.rabobank.nl/repository/pypi-proxy/simple" }
sdist = { url = "https://nexus3.rabobank.nl/repository/pypi-proxy/packages/ast-serialize/0.5.0/ast_serialize-0.5.0.tar.gz", hash = "sha256:5880091bfe6f4f986f22866375c2e884843e7a0b6343ae41aeea659613d879b6" }
wheels = [
    { url = "https://nexus3.rabobank.nl/repository/pypi-proxy/packages/ast-serialize/0.5.0/ast_serialize-0.5.0-cp314-cp314t-macosx_10_12_x86_64.whl", hash = "sha256:8f5c14f169eb0972c0c21bada5358b23d6047c76583b005234f865b11f1fa00a" },
    { url = "https://nexus3.rabobank.nl/repository/pypi-proxy/packages/ast-serialize/0.5.0/ast_serialize-0.5.0-cp314-cp314t-macosx_11_0_arm64.whl", hash = "sha256:7d1a2de9de5be04652f0ed60738356ef94f66db37924a9499fffe98dc491aa0b" },
    { url = "https://nexus3.rabobank.nl/repository/pypi-proxy/packages/ast-serialize/0.5.0/ast_serialize-0.5.0-cp314-cp314t-manylinux_2_17_aarch64.manylinux2014_aarch64.whl", hash = "sha256:be5173fb66f9b49026d9d5a2ff0fc7c7009077107c0eb285b2d60fdf1fe10bd1" },
    { url = "https://nexus3.rabobank.nl/repository/pypi-proxy/packages/ast-serialize/0.5.0/ast_serialize-0.5.0-cp314-cp314t-manylinux_2_17_armv7l.manylinux2014_armv7l.whl", hash = "sha256:f8015cd071ac1339924ee2b8098c93e00e155f30a16f40ec9816fcf84f4753f6" },
    { url = "https://nexus3.rabobank.nl/repository/pypi-proxy/packages/ast-serialize/0.5.0/ast_serialize-0.5.0-cp314-cp314t-manylinux_2_17_ppc64le.manylinux2014_ppc64le.whl", hash = "sha256:5499e8797edff2a9186aa313ed382c6b422e798e9332d9953badcee6e69a88f2" },
    { url = "https://nexus3.rabobank.nl/repository/pypi-proxy/packages/ast-serialize/0.5.0/ast_serialize-0.5.0-cp314-cp314t-manylinux_2_17_s390x.manylinux2014_s390x.whl", hash = "sha256:6848f2a093fb5548751a9a09bff8fcd229e2bbeb0e3331f391b6ae6d26cd9903" },
    { url = "https://nexus3.rabobank.nl/repository/pypi-proxy/packages/ast-serialize/0.5.0/ast_serialize-0.5.0-cp314-cp314t-manylinux_2_17_x86_64.manylinux2014_x86_64.whl", hash = "sha256:832d4c998e0b091fd60a6d6bceee535483c4d490de9ba85003af835225719261" },
    { url = "https://nexus3.rabobank.nl/repository/pypi-proxy/packages/ast-serialize/0.5.0/ast_serialize-0.5.0-cp314-cp314t-manylinux_2_31_riscv64.whl", hash = "sha256:16db7c62ec0b8efe1d7afd283a388d8f74f2605d56032e5a37747d2de8dba027" },
    { url = "https://nexus3.rabobank.nl/repository/pypi-proxy/packages/ast-serialize/0.5.0/ast_serialize-0.5.0-cp314-cp314t-manylinux_2_5_i686.manylinux1_i686.whl", hash = "sha256:baf5eb061eb5bccade4128ad42da33787d72f6013809cd1b590376ece8b3c937" },
    { url = "https://nexus3.rabobank.nl/repository/pypi-proxy/packages/ast-serialize/0.5.0/ast_serialize-0.5.0-cp314-cp314t-musllinux_1_2_aarch64.whl", hash = "sha256:104e4a35bd7c124173c41760ef9aaea17ddb3f86c65cb643671d59afbe3ee94c" },
    { url = "https://nexus3.rabobank.nl/repository/pypi-proxy/packages/ast-serialize/0.5.0/ast_serialize-0.5.0-cp314-cp314t-musllinux_1_2_armv7l.whl", hash = "sha256:36be371028fc1675acb38a331bde160dbab7ff907fdf00b67eb6911aa106951b" },
    { url = "https://nexus3.rabobank.nl/repository/pypi-proxy/packages/ast-serialize/0.5.0/ast_serialize-0.5.0-cp314-cp314t-musllinux_1_2_i686.whl", hash = "sha256:061ee58bdb52341c8201a6df41182a977736bae3b7ded87ca7176ca25a8a47ab" },
    { url = "https://nexus3.rabobank.nl/repository/pypi-proxy/packages/ast-serialize/0.5.0/ast_serialize-0.5.0-cp314-cp314t-musllinux_1_2_x86_64.whl", hash = "sha256:b15219e9cdc9f53f6f4cb51c009203507228226148c05c5e8fe451c28b435eb3" },
    { url = "https://nexus3.rabobank.nl/repository/pypi-proxy/packages/ast-serialize/0.5.0/ast_serialize-0.5.0-cp314-cp314t-win32.whl", hash = "sha256:842d1c004bb466c7df036f95fabef789570541922b10976b12f5592a69cf0b38" },
    { url = "https://nexus3.rabobank.nl/repository/pypi-proxy/packages/ast-serialize/0.5.0/ast_serialize-0.5.0-cp314-cp314t-win_amd64.whl", hash = "sha256:b0c06d760909b095cc466356dfccd05a1c7233a6ca191c020dca2c6a6f16c24c" },
    { url = "https://nexus3.rabobank.nl/repository/pypi-proxy/packages/ast-serialize/0.5.0/ast_serialize-0.5.0-cp314-cp314t-win_arm64.whl", hash = "sha256:787baedb0262cc49e8ce37cc15c00ae818e46a165a3b36f5e21ed174998104cb" },
    { url = "https://nexus3.rabobank.nl/repository/pypi-proxy/packages/ast-serialize/0.5.0/ast_serialize-0.5.0-cp39-abi3-macosx_10_12_x86_64.whl", hash = "sha256:0668aa9459cfa8c9c49ddd2163ebcf43088ba045ef7492af6fe22e0098303101" },
    { url = "https://nexus3.rabobank.nl/repository/pypi-proxy/packages/ast-serialize/0.5.0/ast_serialize-0.5.0-cp39-abi3-macosx_11_0_arm64.whl", hash = "sha256:bf683d6363edf2b39eed6b6d4fe22d34b6203867a67e27134d9e2a2680c4bc4a" },
    { url = "https://nexus3.rabobank.nl/repository/pypi-proxy/packages/ast-serialize/0.5.0/ast_serialize-0.5.0-cp39-abi3-manylinux_2_17_aarch64.manylinux2014_aarch64.whl", hash = "sha256:9cc22cf0c9be65e71cf88fda130af60d61eb4a79370ad4cfe7900d48a4aa2211" },
    { url = "https://nexus3.rabobank.nl/repository/pypi-proxy/packages/ast-serialize/0.5.0/ast_serialize-0.5.0-cp39-abi3-manylinux_2_17_armv7l.manylinux2014_armv7l.whl", hash = "sha256:f66173891548c9f2726bf27957b41cabce12fa679dc6da505ddbde4d4b3b31cf" },
    { url = "https://nexus3.rabobank.nl/repository/pypi-proxy/packages/ast-serialize/0.5.0/ast_serialize-0.5.0-cp39-abi3-manylinux_2_17_ppc64le.manylinux2014_ppc64le.whl", hash = "sha256:e42d729ef2be96a14efbad355093284739e3670ece3e534f82cc8832790911d9" },
    { url = "https://nexus3.rabobank.nl/repository/pypi-proxy/packages/ast-serialize/0.5.0/ast_serialize-0.5.0-cp39-abi3-manylinux_2_17_s390x.manylinux2014_s390x.whl", hash = "sha256:b725026bafa801dbd7310eb13a75f0a2e370e7e51b2cb225f9d21fcfadf919ee" },
    { url = "https://nexus3.rabobank.nl/repository/pypi-proxy/packages/ast-serialize/0.5.0/ast_serialize-0.5.0-cp39-abi3-manylinux_2_17_x86_64.manylinux2014_x86_64.whl", hash = "sha256:b54f60c1d78767a53b67eaa663f0dfac3afe606aa07f1301572f588b73d64809" },
    { url = "https://nexus3.rabobank.nl/repository/pypi-proxy/packages/ast-serialize/0.5.0/ast_serialize-0.5.0-cp39-abi3-manylinux_2_31_riscv64.whl", hash = "sha256:27d51654fc240a1e87e742d353d98eb45b75f62f129086b3596ab53df2ac2a43" },
    { url = "https://nexus3.rabobank.nl/repository/pypi-proxy/packages/ast-serialize/0.5.0/ast_serialize-0.5.0-cp39-abi3-manylinux_2_5_i686.manylinux1_i686.whl", hash = "sha256:2782c36237c46dd1674542f2109740ea5ea485a169bf1431939ada0434e17934" },
    { url = "https://nexus3.rabobank.nl/repository/pypi-proxy/packages/ast-serialize/0.5.0/ast_serialize-0.5.0-cp39-abi3-musllinux_1_2_aarch64.whl", hash = "sha256:1943db345233cc7194a470f13afa9c59772c0b123dea0c9414c4d4ca54369759" },
    { url = "https://nexus3.rabobank.nl/repository/pypi-proxy/packages/ast-serialize/0.5.0/ast_serialize-0.5.0-cp39-abi3-musllinux_1_2_armv7l.whl", hash = "sha256:df1c00022cbbcb064bfaa505aa9c9295362443ce5dacb459d1331d3da353f887" },
    { url = "https://nexus3.rabobank.nl/repository/pypi-proxy/packages/ast-serialize/0.5.0/ast_serialize-0.5.0-cp39-abi3-musllinux_1_2_i686.whl", hash = "sha256:cae65289fc456fde04af979a2be09302ef5d8ab92ef23e596d6746dc267ada27" },
    { url = "https://nexus3.rabobank.nl/repository/pypi-proxy/packages/ast-serialize/0.5.0/ast_serialize-0.5.0-cp39-abi3-musllinux_1_2_x86_64.whl", hash = "sha256:239a4c354e8d676e9d94631d1d4a64edc6b266f86ff3a5a80aedd344f342c01d" },
    { url = "https://nexus3.rabobank.nl/repository/pypi-proxy/packages/ast-serialize/0.5.0/ast_serialize-0.5.0-cp39-abi3-win32.whl", hash = "sha256:143a4ef63285a075871908fda3672dc21864b83a8ec3ee12304aa3e4c5387b9a" },
    { url = "https://nexus3.rabobank.nl/repository/pypi-proxy/packages/ast-serialize/0.5.0/ast_serialize-0.5.0-cp39-abi3-win_amd64.whl", hash = "sha256:cf25572c526add400f26a4750dc6ce0c3bb93fc1f75e7ae0cad4ce4f2cd5c590" },
    { url = "https://nexus3.rabobank.nl/repository/pypi-proxy/packages/ast-serialize/0.5.0/ast_serialize-0.5.0-cp39-abi3-win_arm64.whl", hash = "sha256:92a31c9c20d25a076edaeec76b128a3535d74a24f340b9a8a7e96c9b86dc9642" },
]

[[package]]
name = "colorama"
version = "0.4.6"
source = { registry = "https://nexus3.rabobank.nl/repository/pypi-proxy/simple" }
sdist = { url = "https://nexus3.rabobank.nl/repository/pypi-proxy/packages/colorama/0.4.6/colorama-0.4.6.tar.gz", hash = "sha256:08695f5cb7ed6e0531a20572697297273c47b8cae5a63ffc6d6ed5c201be6e44" }
wheels = [
    { url = "https://nexus3.rabobank.nl/repository/pypi-proxy/packages/colorama/0.4.6/colorama-0.4.6-py2.py3-none-any.whl", hash = "sha256:4f1d9991f5acc0ca119f9d443620b77f9d6b33703e51011c16baf57afb285fc6" },
]

[[package]]
name = "iniconfig"
version = "2.3.0"
source = { registry = "https://nexus3.rabobank.nl/repository/pypi-proxy/simple" }
sdist = { url = "https://nexus3.rabobank.nl/repository/pypi-proxy/packages/iniconfig/2.3.0/iniconfig-2.3.0.tar.gz", hash = "sha256:c76315c77db068650d49c5b56314774a7804df16fee4402c1f19d6d15d8c4730" }
wheels = [
    { url = "https://nexus3.rabobank.nl/repository/pypi-proxy/packages/iniconfig/2.3.0/iniconfig-2.3.0-py3-none-any.whl", hash = "sha256:f631c04d2c48c52b84d0d0549c99ff3859c98df65b3101406327ecc7d53fbf12" },
]

[[package]]
name = "librt"
version = "0.11.0"
source = { registry = "https://nexus3.rabobank.nl/repository/pypi-proxy/simple" }
sdist = { url = "https://nexus3.rabobank.nl/repository/pypi-proxy/packages/librt/0.11.0/librt-0.11.0.tar.gz", hash = "sha256:075dc3ef4458a278e0195cbf6ac9d38808d9b906c5a6c7f7f79c3888276a3fb1" }
wheels = [
    { url = "https://nexus3.rabobank.nl/repository/pypi-proxy/packages/librt/0.11.0/librt-0.11.0-cp313-cp313-macosx_10_13_x86_64.whl", hash = "sha256:78dc31f7fdfe9c9d0eb0e8f42d139db230e826415bbcabd9f0e9faaaee909894" },
    { url = "https://nexus3.rabobank.nl/repository/pypi-proxy/packages/librt/0.11.0/librt-0.11.0-cp313-cp313-macosx_11_0_arm64.whl", hash = "sha256:fa475675db22290c3158e1d42326d0f5a65f04f44a0e68c3630a25b53560fb9c" },
    { url = "https://nexus3.rabobank.nl/repository/pypi-proxy/packages/librt/0.11.0/librt-0.11.0-cp313-cp313-manylinux2014_aarch64.manylinux_2_17_aarch64.manylinux_2_28_aarch64.whl", hash = "sha256:621db29691044bdeda22e789e482e1b0f3a985d90e3426c9c6d17606416205ea" },
    { url = "https://nexus3.rabobank.nl/repository/pypi-proxy/packages/librt/0.11.0/librt-0.11.0-cp313-cp313-manylinux2014_i686.manylinux_2_17_i686.manylinux_2_28_i686.whl", hash = "sha256:a9010e2ed5b3a9e158c5fd966b3ab7e834bb3d3aacc8f66c91dd4b57a3799230" },
    { url = "https://nexus3.rabobank.nl/repository/pypi-proxy/packages/librt/0.11.0/librt-0.11.0-cp313-cp313-manylinux2014_x86_64.manylinux_2_17_x86_64.manylinux_2_28_x86_64.whl", hash = "sha256:7c39513d8b7477a2e1ed8c43fc21c524e8d5a0f8d4e8b7b074dbdbe7820a08e2" },
    { url = "https://nexus3.rabobank.nl/repository/pypi-proxy/packages/librt/0.11.0/librt-0.11.0-cp313-cp313-manylinux_2_34_riscv64.manylinux_2_39_riscv64.whl", hash = "sha256:7aef3cf1d5af86e770ab04bfd993dfc4ae8b8c17f66fb77dd4a7d50de7bbb1a3" },
    { url = "https://nexus3.rabobank.nl/repository/pypi-proxy/packages/librt/0.11.0/librt-0.11.0-cp313-cp313-musllinux_1_2_aarch64.whl", hash = "sha256:557183ddc36babe46b27dd60facbd5adb4492181a5be887587d57cda6e092f21" },
    { url = "https://nexus3.rabobank.nl/repository/pypi-proxy/packages/librt/0.11.0/librt-0.11.0-cp313-cp313-musllinux_1_2_i686.whl", hash = "sha256:83d3e1f72bd42f6c5c0b7daec530c3f829bd02db42c70b8ddf0c2d90a2459930" },
    { url = "https://nexus3.rabobank.nl/repository/pypi-proxy/packages/librt/0.11.0/librt-0.11.0-cp313-cp313-musllinux_1_2_riscv64.whl", hash = "sha256:4ce1f21fbe589bc1afd7872dece84fb0e1144f794a288e58a10d2c54a55c43be" },
    { url = "https://nexus3.rabobank.nl/repository/pypi-proxy/packages/librt/0.11.0/librt-0.11.0-cp313-cp313-musllinux_1_2_x86_64.whl", hash = "sha256:970b09f7044ea2b64c9da42fd3d335666518cfd1c6e8a182c95da73d0214b41e" },
    { url = "https://nexus3.rabobank.nl/repository/pypi-proxy/packages/librt/0.11.0/librt-0.11.0-cp313-cp313-win32.whl", hash = "sha256:78fddc31cd4d3caa897ad5d31f856b1faadc9474021ad6cb182b9018793e254e" },
    { url = "https://nexus3.rabobank.nl/repository/pypi-proxy/packages/librt/0.11.0/librt-0.11.0-cp313-cp313-win_amd64.whl", hash = "sha256:8ca8aa88751a775870b764e93bad5135385f563cb8dcee399abf034ea4d3cb47" },
    { url = "https://nexus3.rabobank.nl/repository/pypi-proxy/packages/librt/0.11.0/librt-0.11.0-cp313-cp313-win_arm64.whl", hash = "sha256:96f044bb325fd9cf1a723015638c219e9143f0dfbc0ca54c565df2b7fc748b44" },
    { url = "https://nexus3.rabobank.nl/repository/pypi-proxy/packages/librt/0.11.0/librt-0.11.0-cp314-cp314-macosx_10_13_x86_64.whl", hash = "sha256:4a017a95e5837dc15a8c5661d60e05daa96b90908b1aa6b7acdf443cd25c8ebd" },
    { url = "https://nexus3.rabobank.nl/repository/pypi-proxy/packages/librt/0.11.0/librt-0.11.0-cp314-cp314-macosx_11_0_arm64.whl", hash = "sha256:b1ecbd9819deccc39b7542bf4d2a740d8a620694d39989e58661d3763458f8d4" },
    { url = "https://nexus3.rabobank.nl/repository/pypi-proxy/packages/librt/0.11.0/librt-0.11.0-cp314-cp314-manylinux2014_aarch64.manylinux_2_17_aarch64.manylinux_2_28_aarch64.whl", hash = "sha256:7da327dacd7be8f8ec36547373550744a3cc0e536d54665cd83f8bcd961200e8" },
    { url = "https://nexus3.rabobank.nl/repository/pypi-proxy/packages/librt/0.11.0/librt-0.11.0-cp314-cp314-manylinux2014_i686.manylinux_2_17_i686.manylinux_2_28_i686.whl", hash = "sha256:0dc56b1f8d06e60db362cc3fdae206681817f86ce4725d34511473487f12a34b" },
    { url = "https://nexus3.rabobank.nl/repository/pypi-proxy/packages/librt/0.11.0/librt-0.11.0-cp314-cp314-manylinux2014_x86_64.manylinux_2_17_x86_64.manylinux_2_28_x86_64.whl", hash = "sha256:05fb8fb2ab90e21c8d12ea240d744ad514da9baf381ebfa70d91d20d21713175" },
    { url = "https://nexus3.rabobank.nl/repository/pypi-proxy/packages/librt/0.11.0/librt-0.11.0-cp314-cp314-manylinux_2_34_riscv64.manylinux_2_39_riscv64.whl", hash = "sha256:cae74872be221df4374d10fec61f93ed1513b9546ea84f2c0bf73ab3e9bd0b03" },
    { url = "https://nexus3.rabobank.nl/repository/pypi-proxy/packages/librt/0.11.0/librt-0.11.0-cp314-cp314-musllinux_1_2_aarch64.whl", hash = "sha256:32bcc918c0148eb7e3d57385125bac7e5f9e4359d05f07448b09f6f778c2f31c" },
    { url = "https://nexus3.rabobank.nl/repository/pypi-proxy/packages/librt/0.11.0/librt-0.11.0-cp314-cp314-musllinux_1_2_i686.whl", hash = "sha256:f9743fc99135d5f78d2454435615f6dec0473ca507c26ce9d92b10b562a280d3" },
    { url = "https://nexus3.rabobank.nl/repository/pypi-proxy/packages/librt/0.11.0/librt-0.11.0-cp314-cp314-musllinux_1_2_riscv64.whl", hash = "sha256:5ba067f4aadae8fda802d91d2124c90c42195ff32d9161d3549e6d05cfe26f96" },
    { url = "https://nexus3.rabobank.nl/repository/pypi-proxy/packages/librt/0.11.0/librt-0.11.0-cp314-cp314-musllinux_1_2_x86_64.whl", hash = "sha256:de3bf945454d032f9e390b85c4072e0a0570bf825421c8be0e71209fa65e1abe" },
    { url = "https://nexus3.rabobank.nl/repository/pypi-proxy/packages/librt/0.11.0/librt-0.11.0-cp314-cp314-win32.whl", hash = "sha256:d2277a05f6dcb9fd13db9566aac4fabd68c3ea1ea46ee5567d4eef8efa495a2f" },
    { url = "https://nexus3.rabobank.nl/repository/pypi-proxy/packages/librt/0.11.0/librt-0.11.0-cp314-cp314-win_amd64.whl", hash = "sha256:ab73e8db5e3f564d812c1f5c3a175930a5f9bc96ccb5e3b22a34d7858b401cf7" },
    { url = "https://nexus3.rabobank.nl/repository/pypi-proxy/packages/librt/0.11.0/librt-0.11.0-cp314-cp314-win_arm64.whl", hash = "sha256:aea3caa317752e3a466fa8af45d91ee0ea8c7fdd96e42b0a8dd9b76a7931eba1" },
    { url = "https://nexus3.rabobank.nl/repository/pypi-proxy/packages/librt/0.11.0/librt-0.11.0-cp314-cp314t-macosx_10_13_x86_64.whl", hash = "sha256:d1b36540d7aaf9b9101b3a6f376c8d8e9f7a9aec93ed05918f2c69d493ffef72" },
    { url = "https://nexus3.rabobank.nl/repository/pypi-proxy/packages/librt/0.11.0/librt-0.11.0-cp314-cp314t-macosx_11_0_arm64.whl", hash = "sha256:efbb343ab2ce3540f4ecbe6315d677ed70f37cd9a72b1e58066c918ca83acbaa" },
    { url = "https://nexus3.rabobank.nl/repository/pypi-proxy/packages/librt/0.11.0/librt-0.11.0-cp314-cp314t-manylinux2014_aarch64.manylinux_2_17_aarch64.manylinux_2_28_aarch64.whl", hash = "sha256:aa0dd688aab3f7914d3e6e5e3554978e0383312fb8e771d84be008a35b9ee548" },
    { url = "https://nexus3.rabobank.nl/repository/pypi-proxy/packages/librt/0.11.0/librt-0.11.0-cp314-cp314t-manylinux2014_i686.manylinux_2_17_i686.manylinux_2_28_i686.whl", hash = "sha256:f5fb36b8c6c63fdcbb1d526d94c0d1331610d43f4118cc1beb4efef4f3faacb2" },
    { url = "https://nexus3.rabobank.nl/repository/pypi-proxy/packages/librt/0.11.0/librt-0.11.0-cp314-cp314t-manylinux2014_x86_64.manylinux_2_17_x86_64.manylinux_2_28_x86_64.whl", hash = "sha256:4a9a237d13addb93715b6fee74023d5ee3469b53fce527626c0e088aa585805f" },
    { url = "https://nexus3.rabobank.nl/repository/pypi-proxy/packages/librt/0.11.0/librt-0.11.0-cp314-cp314t-manylinux_2_34_riscv64.manylinux_2_39_riscv64.whl", hash = "sha256:5ddd17bd87b2c56ddd60e546a7984a2e64c4e8eab92fb4cf3830a48ad5469d51" },
    { url = "https://nexus3.rabobank.nl/repository/pypi-proxy/packages/librt/0.11.0/librt-0.11.0-cp314-cp314t-musllinux_1_2_aarch64.whl", hash = "sha256:bd43992b4473d42f12ff9e68326079f0696d9d4e6000e8f39a0238d482ba6ee2" },
    { url = "https://nexus3.rabobank.nl/repository/pypi-proxy/packages/librt/0.11.0/librt-0.11.0-cp314-cp314t-musllinux_1_2_i686.whl", hash = "sha256:f8e3e8056dd674e279741485e2e512d6e9a751c7455809d0114e6ebf8d781085" },
    { url = "https://nexus3.rabobank.nl/repository/pypi-proxy/packages/librt/0.11.0/librt-0.11.0-cp314-cp314t-musllinux_1_2_riscv64.whl", hash = "sha256:c1f708d8ae9c56cf38a903c44297243d2ec83fd82b396b977e0144a3e76217e3" },
    { url = "https://nexus3.rabobank.nl/repository/pypi-proxy/packages/librt/0.11.0/librt-0.11.0-cp314-cp314t-musllinux_1_2_x86_64.whl", hash = "sha256:0add982e0e7b9fc14cf4b33789d5f13f66581889b88c2f58099f6ce8f92617bd" },
    { url = "https://nexus3.rabobank.nl/repository/pypi-proxy/packages/librt/0.11.0/librt-0.11.0-cp314-cp314t-win32.whl", hash = "sha256:2b481d846ac894c4e8403c5fd0e87c5d11d6499e404b474602508a224ff531c8" },
    { url = "https://nexus3.rabobank.nl/repository/pypi-proxy/packages/librt/0.11.0/librt-0.11.0-cp314-cp314t-win_amd64.whl", hash = "sha256:28edb433edde181112a908c78907af28f964eabc15f4dd16c9d66c834302677c" },
    { url = "https://nexus3.rabobank.nl/repository/pypi-proxy/packages/librt/0.11.0/librt-0.11.0-cp314-cp314t-win_arm64.whl", hash = "sha256:dee008f20b542e3cd162ba338a7f9ec0f6d23d395f66fe8aeeec3c9d067ea253" },
]

[[package]]
name = "mypy"
version = "2.1.0"
source = { registry = "https://nexus3.rabobank.nl/repository/pypi-proxy/simple" }
dependencies = [
    { name = "ast-serialize" },
    { name = "librt", marker = "platform_python_implementation != 'PyPy'" },
    { name = "mypy-extensions" },
    { name = "pathspec" },
    { name = "typing-extensions" },
]
sdist = { url = "https://nexus3.rabobank.nl/repository/pypi-proxy/packages/mypy/2.1.0/mypy-2.1.0.tar.gz", hash = "sha256:81e76ad12c2d804512e9b13240d1588316531bfba07558286078bfbce9613633" }
wheels = [
    { url = "https://nexus3.rabobank.nl/repository/pypi-proxy/packages/mypy/2.1.0/mypy-2.1.0-cp313-cp313-macosx_10_13_x86_64.whl", hash = "sha256:35aac3bb114e03888f535d5eb51b8bafbb3266586b599da1940f9b1be3ec5bd5" },
    { url = "https://nexus3.rabobank.nl/repository/pypi-proxy/packages/mypy/2.1.0/mypy-2.1.0-cp313-cp313-macosx_11_0_arm64.whl", hash = "sha256:8de55a8c861f2a49331f807be98d90caeceeef520bde13d43a160207f8af613e" },
    { url = "https://nexus3.rabobank.nl/repository/pypi-proxy/packages/mypy/2.1.0/mypy-2.1.0-cp313-cp313-manylinux2014_aarch64.manylinux_2_17_aarch64.manylinux_2_28_aarch64.whl", hash = "sha256:5fdf2941a07434af755837d9880f7d7d25f1dacb1af9dcd4b9b66f2220a3024e" },
    { url = "https://nexus3.rabobank.nl/repository/pypi-proxy/packages/mypy/2.1.0/mypy-2.1.0-cp313-cp313-manylinux2014_x86_64.manylinux_2_17_x86_64.manylinux_2_28_x86_64.whl", hash = "sha256:e195b817c13f02352a9c124301f9f30f078405444679b6753c1b96b6eed37285" },
    { url = "https://nexus3.rabobank.nl/repository/pypi-proxy/packages/mypy/2.1.0/mypy-2.1.0-cp313-cp313-musllinux_1_2_x86_64.whl", hash = "sha256:5431d42af987ebd92ba2f71d45c85ed41d8e6ca9f5fd209a69f68f707d2469e5" },
    { url = "https://nexus3.rabobank.nl/repository/pypi-proxy/packages/mypy/2.1.0/mypy-2.1.0-cp313-cp313-win_amd64.whl", hash = "sha256:767fe8c66dc3e01e19e1737d4c38ebefead16125e1b8e58ad421903b376f5c65" },
    { url = "https://nexus3.rabobank.nl/repository/pypi-proxy/packages/mypy/2.1.0/mypy-2.1.0-cp313-cp313-win_arm64.whl", hash = "sha256:ecfe70d43775ab99562ab128ce49854a362044c9f894961f68f898c23cb7429d" },
    { url = "https://nexus3.rabobank.nl/repository/pypi-proxy/packages/mypy/2.1.0/mypy-2.1.0-cp314-cp314-macosx_10_15_x86_64.whl", hash = "sha256:7354c5a7f69d9345c3d6e69921d57088eea3ddeeb6b20d34c1b3855b02c36ec2" },
    { url = "https://nexus3.rabobank.nl/repository/pypi-proxy/packages/mypy/2.1.0/mypy-2.1.0-cp314-cp314-macosx_11_0_arm64.whl", hash = "sha256:49890d4f76ac9e06ec117f9e09f3174da70a620a0c300953d8595c926e80947f" },
    { url = "https://nexus3.rabobank.nl/repository/pypi-proxy/packages/mypy/2.1.0/mypy-2.1.0-cp314-cp314-manylinux2014_aarch64.manylinux_2_17_aarch64.manylinux_2_28_aarch64.whl", hash = "sha256:761be68e023ef5d94678772396a8af1220030f80837a3afd8d0aef3b419666f4" },
    { url = "https://nexus3.rabobank.nl/repository/pypi-proxy/packages/mypy/2.1.0/mypy-2.1.0-cp314-cp314-manylinux2014_x86_64.manylinux_2_17_x86_64.manylinux_2_28_x86_64.whl", hash = "sha256:c90345fc182dc363b891350457ec69c35140858538f38b4540845afcc32b1aef" },
    { url = "https://nexus3.rabobank.nl/repository/pypi-proxy/packages/mypy/2.1.0/mypy-2.1.0-cp314-cp314-musllinux_1_2_x86_64.whl", hash = "sha256:b84802e7b5a6daf1f5e15bc9fcd7ddae77be13981ffab037f1c67bb84d67d135" },
    { url = "https://nexus3.rabobank.nl/repository/pypi-proxy/packages/mypy/2.1.0/mypy-2.1.0-cp314-cp314-win_amd64.whl", hash = "sha256:022c771234936ceac541ebaf836fe9e2abeb3f5e09aff21588fe543ff006fe21" },
    { url = "https://nexus3.rabobank.nl/repository/pypi-proxy/packages/mypy/2.1.0/mypy-2.1.0-cp314-cp314-win_arm64.whl", hash = "sha256:498207db725cec88829a6a5c2fc771205fd043719ef98bc49aba8fb9fc4e6d57" },
    { url = "https://nexus3.rabobank.nl/repository/pypi-proxy/packages/mypy/2.1.0/mypy-2.1.0-cp314-cp314t-macosx_10_15_x86_64.whl", hash = "sha256:7d5e5cad0efeba72b93cd17490cc0d69c5ac9ca132994fe3fb0314808aeeb83e" },
    { url = "https://nexus3.rabobank.nl/repository/pypi-proxy/packages/mypy/2.1.0/mypy-2.1.0-cp314-cp314t-macosx_11_0_arm64.whl", hash = "sha256:ff715050c127d724fd260a2e666e7747fdd83511c0c47d449d98238970aef780" },
    { url = "https://nexus3.rabobank.nl/repository/pypi-proxy/packages/mypy/2.1.0/mypy-2.1.0-cp314-cp314t-manylinux2014_aarch64.manylinux_2_17_aarch64.manylinux_2_28_aarch64.whl", hash = "sha256:82208da9e09414d520e912d3e462d454854bed0810b71540bb016dcbca7308fd" },
    { url = "https://nexus3.rabobank.nl/repository/pypi-proxy/packages/mypy/2.1.0/mypy-2.1.0-cp314-cp314t-manylinux2014_x86_64.manylinux_2_17_x86_64.manylinux_2_28_x86_64.whl", hash = "sha256:e79ebc1b904b84f0310dff7469655a9c36c7a68bddb37bdd42b67a332df61d08" },
    { url = "https://nexus3.rabobank.nl/repository/pypi-proxy/packages/mypy/2.1.0/mypy-2.1.0-cp314-cp314t-musllinux_1_2_x86_64.whl", hash = "sha256:e583edc957cfb0deb142079162ae826f58449b116c1d442f2d91c69d9fced081" },
    { url = "https://nexus3.rabobank.nl/repository/pypi-proxy/packages/mypy/2.1.0/mypy-2.1.0-cp314-cp314t-win_amd64.whl", hash = "sha256:b33b6cd332695bba180d55e717a79d3038e479a2c49cc5eb3d53603409b9a5d7" },
    { url = "https://nexus3.rabobank.nl/repository/pypi-proxy/packages/mypy/2.1.0/mypy-2.1.0-cp314-cp314t-win_arm64.whl", hash = "sha256:4f910fe825376a7b66ef7ca8c98e5a149e8cd64c19ae71d84047a74ee060d4e6" },
    { url = "https://nexus3.rabobank.nl/repository/pypi-proxy/packages/mypy/2.1.0/mypy-2.1.0-py3-none-any.whl", hash = "sha256:a663814603a5c563fb87a4f96fb473eeb30d1f5a4885afcf44f9db000a366289" },
]

[[package]]
name = "mypy-extensions"
version = "1.1.0"
source = { registry = "https://nexus3.rabobank.nl/repository/pypi-proxy/simple" }
sdist = { url = "https://nexus3.rabobank.nl/repository/pypi-proxy/packages/mypy-extensions/1.1.0/mypy_extensions-1.1.0.tar.gz", hash = "sha256:52e68efc3284861e772bbcd66823fde5ae21fd2fdb51c62a211403730b916558" }
wheels = [
    { url = "https://nexus3.rabobank.nl/repository/pypi-proxy/packages/mypy-extensions/1.1.0/mypy_extensions-1.1.0-py3-none-any.whl", hash = "sha256:1be4cccdb0f2482337c4743e60421de3a356cd97508abadd57d47403e94f5505" },
]

[[package]]
name = "packaging"
version = "26.2"
source = { registry = "https://nexus3.rabobank.nl/repository/pypi-proxy/simple" }
sdist = { url = "https://nexus3.rabobank.nl/repository/pypi-proxy/packages/packaging/26.2/packaging-26.2.tar.gz", hash = "sha256:ff452ff5a3e828ce110190feff1178bb1f2ea2281fa2075aadb987c2fb221661" }
wheels = [
    { url = "https://nexus3.rabobank.nl/repository/pypi-proxy/packages/packaging/26.2/packaging-26.2-py3-none-any.whl", hash = "sha256:5fc45236b9446107ff2415ce77c807cee2862cb6fac22b8a73826d0693b0980e" },
]

[[package]]
name = "pathspec"
version = "1.1.1"
source = { registry = "https://nexus3.rabobank.nl/repository/pypi-proxy/simple" }
sdist = { url = "https://nexus3.rabobank.nl/repository/pypi-proxy/packages/pathspec/1.1.1/pathspec-1.1.1.tar.gz", hash = "sha256:17db5ecd524104a120e173814c90367a96a98d07c45b2e10c2f3919fff91bf5a" }
wheels = [
    { url = "https://nexus3.rabobank.nl/repository/pypi-proxy/packages/pathspec/1.1.1/pathspec-1.1.1-py3-none-any.whl", hash = "sha256:a00ce642f577bf7f473932318056212bc4f8bfdf53128c78bbd5af0b9b20b189" },
]

[[package]]
name = "pluggy"
version = "1.6.0"
source = { registry = "https://nexus3.rabobank.nl/repository/pypi-proxy/simple" }
sdist = { url = "https://nexus3.rabobank.nl/repository/pypi-proxy/packages/pluggy/1.6.0/pluggy-1.6.0.tar.gz", hash = "sha256:7dcc130b76258d33b90f61b658791dede3486c3e6bfb003ee5c9bfb396dd22f3" }
wheels = [
    { url = "https://nexus3.rabobank.nl/repository/pypi-proxy/packages/pluggy/1.6.0/pluggy-1.6.0-py3-none-any.whl", hash = "sha256:e920276dd6813095e9377c0bc5566d94c932c33b27a3e3945d8389c374dd4746" },
]

[[package]]
name = "pygments"
version = "2.20.0"
source = { registry = "https://nexus3.rabobank.nl/repository/pypi-proxy/simple" }
sdist = { url = "https://nexus3.rabobank.nl/repository/pypi-proxy/packages/pygments/2.20.0/pygments-2.20.0.tar.gz", hash = "sha256:6757cd03768053ff99f3039c1a36d6c0aa0b263438fcab17520b30a303a82b5f" }
wheels = [
    { url = "https://nexus3.rabobank.nl/repository/pypi-proxy/packages/pygments/2.20.0/pygments-2.20.0-py3-none-any.whl", hash = "sha256:81a9e26dd42fd28a23a2d169d86d7ac03b46e2f8b59ed4698fb4785f946d0176" },
]

[[package]]
name = "pytest"
version = "9.0.3"
source = { registry = "https://nexus3.rabobank.nl/repository/pypi-proxy/simple" }
dependencies = [
    { name = "colorama", marker = "sys_platform == 'win32'" },
    { name = "iniconfig" },
    { name = "packaging" },
    { name = "pluggy" },
    { name = "pygments" },
]
sdist = { url = "https://nexus3.rabobank.nl/repository/pypi-proxy/packages/pytest/9.0.3/pytest-9.0.3.tar.gz", hash = "sha256:b86ada508af81d19edeb213c681b1d48246c1a91d304c6c81a427674c17eb91c" }
wheels = [
    { url = "https://nexus3.rabobank.nl/repository/pypi-proxy/packages/pytest/9.0.3/pytest-9.0.3-py3-none-any.whl", hash = "sha256:2c5efc453d45394fdd706ade797c0a81091eccd1d6e4bccfcd476e2b8e0ab5d9" },
]

[[package]]
name = "ruff"
version = "0.15.14"
source = { registry = "https://nexus3.rabobank.nl/repository/pypi-proxy/simple" }
sdist = { url = "https://nexus3.rabobank.nl/repository/pypi-proxy/packages/ruff/0.15.14/ruff-0.15.14.tar.gz", hash = "sha256:48e866b165be4a9bdbf310f7d3c9a07edef2fe8cd63ffeb4e00bb590506ebf9f" }
wheels = [
    { url = "https://nexus3.rabobank.nl/repository/pypi-proxy/packages/ruff/0.15.14/ruff-0.15.14-py3-none-linux_armv6l.whl", hash = "sha256:8dd2db9416e487c8d4b01fa7056bb02c4d05969d4f8d17a08c229c2f4ff3c108" },
    { url = "https://nexus3.rabobank.nl/repository/pypi-proxy/packages/ruff/0.15.14/ruff-0.15.14-py3-none-macosx_10_12_x86_64.whl", hash = "sha256:be4ff55af755bd71a00ab3dc6bd7ffc467bd76e0df6881e286c2e3d23e8fb43b" },
    { url = "https://nexus3.rabobank.nl/repository/pypi-proxy/packages/ruff/0.15.14/ruff-0.15.14-py3-none-macosx_11_0_arm64.whl", hash = "sha256:48d5909d7d06276ce7dde6d32bfa4b0d4cb2651145cd8ee4b440722cbc77832f" },
    { url = "https://nexus3.rabobank.nl/repository/pypi-proxy/packages/ruff/0.15.14/ruff-0.15.14-py3-none-manylinux_2_17_aarch64.manylinux2014_aarch64.whl", hash = "sha256:ca8cbfa94c4f90984a67561978602746d4cd27103568f745fa90eee3f0d4107d" },
    { url = "https://nexus3.rabobank.nl/repository/pypi-proxy/packages/ruff/0.15.14/ruff-0.15.14-py3-none-manylinux_2_17_armv7l.manylinux2014_armv7l.whl", hash = "sha256:9a6bbc0333f1ab053423bcbf6226477d266ca7cec7738c4c8e3f55647803f3c4" },
    { url = "https://nexus3.rabobank.nl/repository/pypi-proxy/packages/ruff/0.15.14/ruff-0.15.14-py3-none-manylinux_2_17_i686.manylinux2014_i686.whl", hash = "sha256:8a24a4f7605d7003a6674d4387651effd939dead3fddd0f36561eb77a9a2e542" },
    { url = "https://nexus3.rabobank.nl/repository/pypi-proxy/packages/ruff/0.15.14/ruff-0.15.14-py3-none-manylinux_2_17_ppc64le.manylinux2014_ppc64le.whl", hash = "sha256:049b5326e53ed80978f2fc041a280603f69dd6b0c95464342a2bb4572d9d9e2f" },
    { url = "https://nexus3.rabobank.nl/repository/pypi-proxy/packages/ruff/0.15.14/ruff-0.15.14-py3-none-manylinux_2_17_s390x.manylinux2014_s390x.whl", hash = "sha256:d4ed42e6696c8dfa5f06728e6441993901f548eb92d73bc472cb5a38d1395fbf" },
    { url = "https://nexus3.rabobank.nl/repository/pypi-proxy/packages/ruff/0.15.14/ruff-0.15.14-py3-none-manylinux_2_17_x86_64.manylinux2014_x86_64.whl", hash = "sha256:715c543cf450c4888251f91c52f1942a800541d9bddd7ac060aa4e6b77ae7cba" },
    { url = "https://nexus3.rabobank.nl/repository/pypi-proxy/packages/ruff/0.15.14/ruff-0.15.14-py3-none-manylinux_2_31_riscv64.whl", hash = "sha256:72ebab6013ec887d439d8b7593737a0a4ffb06d45d209d4e4bf2e92813082d3f" },
    { url = "https://nexus3.rabobank.nl/repository/pypi-proxy/packages/ruff/0.15.14/ruff-0.15.14-py3-none-musllinux_1_2_aarch64.whl", hash = "sha256:49072d36abdbe97a8dd7f480afe9c675699c0c495d4c84076e2c1203c4550581" },
    { url = "https://nexus3.rabobank.nl/repository/pypi-proxy/packages/ruff/0.15.14/ruff-0.15.14-py3-none-musllinux_1_2_armv7l.whl", hash = "sha256:958522aee105068640c2c2ceae08f413ae44d922f52a1374ac13d6a96032fc93" },
    { url = "https://nexus3.rabobank.nl/repository/pypi-proxy/packages/ruff/0.15.14/ruff-0.15.14-py3-none-musllinux_1_2_i686.whl", hash = "sha256:f3707da619a143a2e8830e2abab8224478d69ace2d28cb6c20543ae97c36bf61" },
    { url = "https://nexus3.rabobank.nl/repository/pypi-proxy/packages/ruff/0.15.14/ruff-0.15.14-py3-none-musllinux_1_2_x86_64.whl", hash = "sha256:bb01d645694e3ec0102105d07ef2d53703970407d59c04e59d3ba0b7a1d53553" },
    { url = "https://nexus3.rabobank.nl/repository/pypi-proxy/packages/ruff/0.15.14/ruff-0.15.14-py3-none-win32.whl", hash = "sha256:6d0c1ad2a0ab718d39b6d8fd2217981ce4d625cd96a720095f798fb47d8b13e6" },
    { url = "https://nexus3.rabobank.nl/repository/pypi-proxy/packages/ruff/0.15.14/ruff-0.15.14-py3-none-win_amd64.whl", hash = "sha256:802342981e056db3851a7836e5b070f8f15f67d4a685ae2a6160939d364b2902" },
    { url = "https://nexus3.rabobank.nl/repository/pypi-proxy/packages/ruff/0.15.14/ruff-0.15.14-py3-none-win_arm64.whl", hash = "sha256:ff47b90a9ef6a40c9e2f3b479c1fb78531adf055b94c1eba0a7ba04b31951826" },
]

[[package]]
name = "trading"
version = "0.1.0"
source = { editable = "." }

[package.dev-dependencies]
dev = [
    { name = "mypy" },
    { name = "pytest" },
    { name = "ruff" },
]

[package.metadata]

[package.metadata.requires-dev]
dev = [
    { name = "mypy", specifier = ">=2.1.0" },
    { name = "pytest", specifier = ">=9.0.3" },
    { name = "ruff", specifier = ">=0.15.14" },
]

[[package]]
name = "typing-extensions"
version = "4.15.0"
source = { registry = "https://nexus3.rabobank.nl/repository/pypi-proxy/simple" }
sdist = { url = "https://nexus3.rabobank.nl/repository/pypi-proxy/packages/typing-extensions/4.15.0/typing_extensions-4.15.0.tar.gz", hash = "sha256:0cea48d173cc12fa28ecabc3b837ea3cf6f38c6d1136f85cbaaf598984861466" }
wheels = [
    { url = "https://nexus3.rabobank.nl/repository/pypi-proxy/packages/typing-extensions/4.15.0/typing_extensions-4.15.0-py3-none-any.whl", hash = "sha256:f0fa19c6845758ab08074a0cfa8b7aecb71c999ca73d62883bc25cc018c4e548" },
]
